
Microsoft Visual Studio Solution File, Format Version 12.00
Project("{FAE04EC0-301F-11D3-BF4B-00C04F79EFBC}") = "SyncView", "SyncView\SyncView.csproj", "{F166E2FF-0F48-4778-A7AA-B472D412E7B7}"
EndProject
Project("{FAE04EC0-301F-11D3-BF4B-00C04F79EFBC}") = "SVCommon", "SVCommon\SVCommon\SVCommon.csproj", "{F25DA8D3-447B-4549-8A7D-DCFDE43AC333}"
EndProject
Global
	GlobalSection(SolutionConfigurationPlatforms) = preSolution
		Debug|Any CPU = Debug|Any CPU
		Release|Any CPU = Release|Any CPU
	EndGlobalSection
	GlobalSection(ProjectConfigurationPlatforms) = postSolution
		{F166E2FF-0F48-4778-A7AA-B472D412E7B7}.Debug|Any CPU.ActiveCfg = Debug|Any CPU
		{F166E2FF-0F48-4778-A7AA-B472D412E7B7}.Debug|Any CPU.Build.0 = Debug|Any CPU
		{F166E2FF-0F48-4778-A7AA-B472D412E7B7}.Release|Any CPU.ActiveCfg = Release|Any CPU
		{F166E2FF-0F48-4778-A7AA-B472D412E7B7}.Release|Any CPU.Build.0 = Release|Any CPU
		{F25DA8D3-447B-4549-8A7D-DCFDE43AC333}.Debug|Any CPU.ActiveCfg = Debug|Any CPU
		{F25DA8D3-447B-4549-8A7D-DCFDE43AC333}.Debug|Any CPU.Build.0 = Debug|Any CPU
		{F25DA8D3-447B-4549-8A7D-DCFDE43AC333}.Release|Any CPU.ActiveCfg = Release|Any CPU
		{F25DA8D3-447B-4549-8A7D-DCFDE43AC333}.Release|Any CPU.Build.0 = Release|Any CPU
	EndGlobalSection
EndGlobal
